
Microsoft Visual Studio Solution File, Format Version 12.00
# Visual Studio Version 17
VisualStudioVersion = 17.13.35825.156
MinimumVisualStudioVersion = 10.0.40219.1
Project("{FAE04EC0-301F-11D3-BF4B-00C04F79EFBC}") = "BookStore", "BookStore\BookStore.csproj", "{AF44DA21-7F63-4D96-864E-2FFB3F7AEC51}"
EndProject
Project("{FAE04EC0-301F-11D3-BF4B-00C04F79EFBC}") = "BookStore.UnitTests", "BookStore.UnitTests\BookStore.UnitTests.csproj", "{5954C8A1-129D-4869-A933-0284E5921650}"
EndProject
Project("{FAE04EC0-301F-11D3-BF4B-00C04F79EFBC}") = "BookStore.Domain", "BookStore.Domain\BookStore.Domain.csproj", "{493EDDC5-DBDD-462C-965B-4308B3C2AF0B}"
EndProject
Project("{FAE04EC0-301F-11D3-BF4B-00C04F79EFBC}") = "BookStore.Application", "BookStore.Application\BookStore.Application.csproj", "{9A619101-8C8A-4BE0-850F-008E486E388C}"
EndProject
Project("{FAE04EC0-301F-11D3-BF4B-00C04F79EFBC}") = "BookStore.Infrastructure", "BookStore.Infrastructure\BookStore.Infrastructure.csproj", "{62AB886F-A2C7-4BD4-8E48-58693B92314E}"
EndProject
Global
	GlobalSection(SolutionConfigurationPlatforms) = preSolution
		Debug|Any CPU = Debug|Any CPU
		Debug|x64 = Debug|x64
		Debug|x86 = Debug|x86
		Release|Any CPU = Release|Any CPU
		Release|x64 = Release|x64
		Release|x86 = Release|x86
	EndGlobalSection
	GlobalSection(ProjectConfigurationPlatforms) = postSolution
		{AF44DA21-7F63-4D96-864E-2FFB3F7AEC51}.Debug|Any CPU.ActiveCfg = Debug|Any CPU
		{AF44DA21-7F63-4D96-864E-2FFB3F7AEC51}.Debug|Any CPU.Build.0 = Debug|Any CPU
		{AF44DA21-7F63-4D96-864E-2FFB3F7AEC51}.Debug|x64.ActiveCfg = Debug|Any CPU
		{AF44DA21-7F63-4D96-864E-2FFB3F7AEC51}.Debug|x64.Build.0 = Debug|Any CPU
		{AF44DA21-7F63-4D96-864E-2FFB3F7AEC51}.Debug|x86.ActiveCfg = Debug|Any CPU
		{AF44DA21-7F63-4D96-864E-2FFB3F7AEC51}.Debug|x86.Build.0 = Debug|Any CPU
		{AF44DA21-7F63-4D96-864E-2FFB3F7AEC51}.Release|Any CPU.ActiveCfg = Release|Any CPU
		{AF44DA21-7F63-4D96-864E-2FFB3F7AEC51}.Release|Any CPU.Build.0 = Release|Any CPU
		{AF44DA21-7F63-4D96-864E-2FFB3F7AEC51}.Release|x64.ActiveCfg = Release|Any CPU
		{AF44DA21-7F63-4D96-864E-2FFB3F7AEC51}.Release|x64.Build.0 = Release|Any CPU
		{AF44DA21-7F63-4D96-864E-2FFB3F7AEC51}.Release|x86.ActiveCfg = Release|Any CPU
		{AF44DA21-7F63-4D96-864E-2FFB3F7AEC51}.Release|x86.Build.0 = Release|Any CPU
		{5954C8A1-129D-4869-A933-0284E5921650}.Debug|Any CPU.ActiveCfg = Debug|Any CPU
		{5954C8A1-129D-4869-A933-0284E5921650}.Debug|Any CPU.Build.0 = Debug|Any CPU
		{5954C8A1-129D-4869-A933-0284E5921650}.Debug|x64.ActiveCfg = Debug|Any CPU
		{5954C8A1-129D-4869-A933-0284E5921650}.Debug|x64.Build.0 = Debug|Any CPU
		{5954C8A1-129D-4869-A933-0284E5921650}.Debug|x86.ActiveCfg = Debug|Any CPU
		{5954C8A1-129D-4869-A933-0284E5921650}.Debug|x86.Build.0 = Debug|Any CPU
		{5954C8A1-129D-4869-A933-0284E5921650}.Release|Any CPU.ActiveCfg = Release|Any CPU
		{5954C8A1-129D-4869-A933-0284E5921650}.Release|Any CPU.Build.0 = Release|Any CPU
		{5954C8A1-129D-4869-A933-0284E5921650}.Release|x64.ActiveCfg = Release|Any CPU
		{5954C8A1-129D-4869-A933-0284E5921650}.Release|x64.Build.0 = Release|Any CPU
		{5954C8A1-129D-4869-A933-0284E5921650}.Release|x86.ActiveCfg = Release|Any CPU
		{5954C8A1-129D-4869-A933-0284E5921650}.Release|x86.Build.0 = Release|Any CPU
		{493EDDC5-DBDD-462C-965B-4308B3C2AF0B}.Debug|Any CPU.ActiveCfg = Debug|Any CPU
		{493EDDC5-DBDD-462C-965B-4308B3C2AF0B}.Debug|Any CPU.Build.0 = Debug|Any CPU
		{493EDDC5-DBDD-462C-965B-4308B3C2AF0B}.Debug|x64.ActiveCfg = Debug|Any CPU
		{493EDDC5-DBDD-462C-965B-4308B3C2AF0B}.Debug|x64.Build.0 = Debug|Any CPU
		{493EDDC5-DBDD-462C-965B-4308B3C2AF0B}.Debug|x86.ActiveCfg = Debug|Any CPU
		{493EDDC5-DBDD-462C-965B-4308B3C2AF0B}.Debug|x86.Build.0 = Debug|Any CPU
		{493EDDC5-DBDD-462C-965B-4308B3C2AF0B}.Release|Any CPU.ActiveCfg = Release|Any CPU
		{493EDDC5-DBDD-462C-965B-4308B3C2AF0B}.Release|Any CPU.Build.0 = Release|Any CPU
		{493EDDC5-DBDD-462C-965B-4308B3C2AF0B}.Release|x64.ActiveCfg = Release|Any CPU
		{493EDDC5-DBDD-462C-965B-4308B3C2AF0B}.Release|x64.Build.0 = Release|Any CPU
		{493EDDC5-DBDD-462C-965B-4308B3C2AF0B}.Release|x86.ActiveCfg = Release|Any CPU
		{493EDDC5-DBDD-462C-965B-4308B3C2AF0B}.Release|x86.Build.0 = Release|Any CPU
		{9A619101-8C8A-4BE0-850F-008E486E388C}.Debug|Any CPU.ActiveCfg = Debug|Any CPU
		{9A619101-8C8A-4BE0-850F-008E486E388C}.Debug|Any CPU.Build.0 = Debug|Any CPU
		{9A619101-8C8A-4BE0-850F-008E486E388C}.Debug|x64.ActiveCfg = Debug|Any CPU
		{9A619101-8C8A-4BE0-850F-008E486E388C}.Debug|x64.Build.0 = Debug|Any CPU
		{9A619101-8C8A-4BE0-850F-008E486E388C}.Debug|x86.ActiveCfg = Debug|Any CPU
		{9A619101-8C8A-4BE0-850F-008E486E388C}.Debug|x86.Build.0 = Debug|Any CPU
		{9A619101-8C8A-4BE0-850F-008E486E388C}.Release|Any CPU.ActiveCfg = Release|Any CPU
		{9A619101-8C8A-4BE0-850F-008E486E388C}.Release|Any CPU.Build.0 = Release|Any CPU
		{9A619101-8C8A-4BE0-850F-008E486E388C}.Release|x64.ActiveCfg = Release|Any CPU
		{9A619101-8C8A-4BE0-850F-008E486E388C}.Release|x64.Build.0 = Release|Any CPU
		{9A619101-8C8A-4BE0-850F-008E486E388C}.Release|x86.ActiveCfg = Release|Any CPU
		{9A619101-8C8A-4BE0-850F-008E486E388C}.Release|x86.Build.0 = Release|Any CPU
		{62AB886F-A2C7-4BD4-8E48-58693B92314E}.Debug|Any CPU.ActiveCfg = Debug|Any CPU
		{62AB886F-A2C7-4BD4-8E48-58693B92314E}.Debug|Any CPU.Build.0 = Debug|Any CPU
		{62AB886F-A2C7-4BD4-8E48-58693B92314E}.Debug|x64.ActiveCfg = Debug|Any CPU
		{62AB886F-A2C7-4BD4-8E48-58693B92314E}.Debug|x64.Build.0 = Debug|Any CPU
		{62AB886F-A2C7-4BD4-8E48-58693B92314E}.Debug|x86.ActiveCfg = Debug|Any CPU
		{62AB886F-A2C7-4BD4-8E48-58693B92314E}.Debug|x86.Build.0 = Debug|Any CPU
		{62AB886F-A2C7-4BD4-8E48-58693B92314E}.Release|Any CPU.ActiveCfg = Release|Any CPU
		{62AB886F-A2C7-4BD4-8E48-58693B92314E}.Release|Any CPU.Build.0 = Release|Any CPU
		{62AB886F-A2C7-4BD4-8E48-58693B92314E}.Release|x64.ActiveCfg = Release|Any CPU
		{62AB886F-A2C7-4BD4-8E48-58693B92314E}.Release|x64.Build.0 = Release|Any CPU
		{62AB886F-A2C7-4BD4-8E48-58693B92314E}.Release|x86.ActiveCfg = Release|Any CPU
		{62AB886F-A2C7-4BD4-8E48-58693B92314E}.Release|x86.Build.0 = Release|Any CPU
	EndGlobalSection
	GlobalSection(SolutionProperties) = preSolution
		HideSolutionNode = FALSE
	EndGlobalSection
	GlobalSection(ExtensibilityGlobals) = postSolution
		SolutionGuid = {C8B974EA-8B4D-4D70-8492-6012EE1CD1A8}
	EndGlobalSection
EndGlobal
